// !$*UTF8*$!
{
	archiveVersion = 1;
	classes = {
	};
	objectVersion = 46;
	objects = {

/* Begin PBXBuildFile section */
		3A1B4B7A1CC77046003DEA3A /* AppDelegate.swift in Sources */ = {isa = PBXBuildFile; fileRef = 3A1B4B791CC77046003DEA3A /* AppDelegate.swift */; };
		3A1B4B7C1CC77046003DEA3A /* ViewController.swift in Sources */ = {isa = PBXBuildFile; fileRef = 3A1B4B7B1CC77046003DEA3A /* ViewController.swift */; };
		3A1B4B811CC77046003DEA3A /* Assets.xcassets in Resources */ = {isa = PBXBuildFile; fileRef = 3A1B4B801CC77046003DEA3A /* Assets.xcassets */; };
		3A1B4B841CC77046003DEA3A /* LaunchScreen.storyboard in Resources */ = {isa = PBXBuildFile; fileRef = 3A1B4B821CC77046003DEA3A /* LaunchScreen.storyboard */; };
		3A1B4B8B1CC77123003DEA3A /* libstdc++.6.0.9.tbd in Frameworks */ = {isa = PBXBuildFile; fileRef = 3A3605C91CA3871000DC3B61 /* libstdc++.6.0.9.tbd */; };
		3A1B4B8C1CC77126003DEA3A /* libc++.tbd in Frameworks */ = {isa = PBXBuildFile; fileRef = 3A3605CB1CA3871900DC3B61 /* libc++.tbd */; };
		3A1B4B8D1CC7712A003DEA3A /* libz.tbd in Frameworks */ = {isa = PBXBuildFile; fileRef = 3A3605CD1CA3872100DC3B61 /* libz.tbd */; };
		3A1B4B8E1CC77133003DEA3A /* AMapFoundationKit.framework in Frameworks */ = {isa = PBXBuildFile; fileRef = 3A3605BD1CA3867100DC3B61 /* AMapFoundationKit.framework */; };
		3A1B4B8F1CC77133003DEA3A /* AMapNaviKit.framework in Frameworks */ = {isa = PBXBuildFile; fileRef = 3A3605BE1CA3867100DC3B61 /* AMapNaviKit.framework */; };
		3A1B4B901CC77133003DEA3A /* MAMapKit.framework in Frameworks */ = {isa = PBXBuildFile; fileRef = 3A3605BF1CA3867100DC3B61 /* MAMapKit.framework */; };
		3A1B4B911CC7713E003DEA3A /* AMap.bundle in Resources */ = {isa = PBXBuildFile; fileRef = 3A3605C31CA3868400DC3B61 /* AMap.bundle */; };
		3A1B4B921CC77143003DEA3A /* AMapNavi.bundle in Resources */ = {isa = PBXBuildFile; fileRef = 3A3605C51CA3868F00DC3B61 /* AMapNavi.bundle */; };
		3A1B4B951CC77D04003DEA3A /* SystemConfiguration.framework in Frameworks */ = {isa = PBXBuildFile; fileRef = 3A3605C71CA386F200DC3B61 /* SystemConfiguration.framework */; };
		3A1B4B961CC77D10003DEA3A /* CoreTelephony.framework in Frameworks */ = {isa = PBXBuildFile; fileRef = 3A3605CF1CA3872C00DC3B61 /* CoreTelephony.framework */; };
		3A1B4BBC1CD21FF4003DEA3A /* AMapSearchKit.framework in Frameworks */ = {isa = PBXBuildFile; fileRef = 3A1B4BBB1CD21FF4003DEA3A /* AMapSearchKit.framework */; };
		3A3605321CA23DB300DC3B61 /* main.m in Sources */ = {isa = PBXBuildFile; fileRef = 3A3605311CA23DB300DC3B61 /* main.m */; };
		3A3605351CA23DB300DC3B61 /* AppDelegate.m in Sources */ = {isa = PBXBuildFile; fileRef = 3A3605341CA23DB300DC3B61 /* AppDelegate.m */; };
		3A3605401CA23DB300DC3B61 /* LaunchScreen.storyboard in Resources */ = {isa = PBXBuildFile; fileRef = 3A36053E1CA23DB300DC3B61 /* LaunchScreen.storyboard */; };
		3A3605BC1CA29DE400DC3B61 /* MainViewController.m in Sources */ = {isa = PBXBuildFile; fileRef = 3A36059A1CA29DE400DC3B61 /* MainViewController.m */; };
		3A3605C01CA3867100DC3B61 /* AMapFoundationKit.framework in Frameworks */ = {isa = PBXBuildFile; fileRef = 3A3605BD1CA3867100DC3B61 /* AMapFoundationKit.framework */; };
		3A3605C11CA3867100DC3B61 /* AMapNaviKit.framework in Frameworks */ = {isa = PBXBuildFile; fileRef = 3A3605BE1CA3867100DC3B61 /* AMapNaviKit.framework */; };
		3A3605C21CA3867100DC3B61 /* MAMapKit.framework in Frameworks */ = {isa = PBXBuildFile; fileRef = 3A3605BF1CA3867100DC3B61 /* MAMapKit.framework */; };
		3A3605C41CA3868400DC3B61 /* AMap.bundle in Resources */ = {isa = PBXBuildFile; fileRef = 3A3605C31CA3868400DC3B61 /* AMap.bundle */; };
		3A3605C61CA3868F00DC3B61 /* AMapNavi.bundle in Resources */ = {isa = PBXBuildFile; fileRef = 3A3605C51CA3868F00DC3B61 /* AMapNavi.bundle */; };
		3A3605C81CA386F200DC3B61 /* SystemConfiguration.framework in Frameworks */ = {isa = PBXBuildFile; fileRef = 3A3605C71CA386F200DC3B61 /* SystemConfiguration.framework */; };
		3A3605CA1CA3871000DC3B61 /* libstdc++.6.0.9.tbd in Frameworks */ = {isa = PBXBuildFile; fileRef = 3A3605C91CA3871000DC3B61 /* libstdc++.6.0.9.tbd */; };
		3A3605CC1CA3871900DC3B61 /* libc++.tbd in Frameworks */ = {isa = PBXBuildFile; fileRef = 3A3605CB1CA3871900DC3B61 /* libc++.tbd */; };
		3A3605CE1CA3872100DC3B61 /* libz.tbd in Frameworks */ = {isa = PBXBuildFile; fileRef = 3A3605CD1CA3872100DC3B61 /* libz.tbd */; };
		3A3605D01CA3872C00DC3B61 /* CoreTelephony.framework in Frameworks */ = {isa = PBXBuildFile; fileRef = 3A3605CF1CA3872C00DC3B61 /* CoreTelephony.framework */; };
		3A3605D51CA3879E00DC3B61 /* icon-72.png in Resources */ = {isa = PBXBuildFile; fileRef = 3A3605D11CA3879E00DC3B61 /* icon-72.png */; };
		3A3605D61CA3879E00DC3B61 /* icon-72@2x.png in Resources */ = {isa = PBXBuildFile; fileRef = 3A3605D21CA3879E00DC3B61 /* icon-72@2x.png */; };
		3A3605D71CA3879E00DC3B61 /* icon.png in Resources */ = {isa = PBXBuildFile; fileRef = 3A3605D31CA3879E00DC3B61 /* icon.png */; };
		3A3605D81CA3879E00DC3B61 /* icon@2x.png in Resources */ = {isa = PBXBuildFile; fileRef = 3A3605D41CA3879E00DC3B61 /* icon@2x.png */; };
		3A3D2CBA1D51E5A80088356E /* DriveNaviViewController.m in Sources */ = {isa = PBXBuildFile; fileRef = 3A3D2C571D51E5A80088356E /* DriveNaviViewController.m */; };
		3A3D2CBB1D51E5A80088356E /* MoreMenuView.m in Sources */ = {isa = PBXBuildFile; fileRef = 3A3D2C5A1D51E5A80088356E /* MoreMenuView.m */; };
		3A3D2CBC1D51E5A80088356E /* NaviPointAnnotation.m in Sources */ = {isa = PBXBuildFile; fileRef = 3A3D2C5D1D51E5A80088356E /* NaviPointAnnotation.m */; };
		3A3D2CBD1D51E5A80088356E /* RouteCollectionViewCell.m in Sources */ = {isa = PBXBuildFile; fileRef = 3A3D2C601D51E5A80088356E /* RouteCollectionViewCell.m */; };
		3A3D2CBE1D51E5A80088356E /* SelectableOverlay.m in Sources */ = {isa = PBXBuildFile; fileRef = 3A3D2C631D51E5A80088356E /* SelectableOverlay.m */; };
		3A3D2CBF1D51E5A80088356E /* SpeechSynthesizer.m in Sources */ = {isa = PBXBuildFile; fileRef = 3A3D2C661D51E5A80088356E /* SpeechSynthesizer.m */; };
		3A3D2CC01D51E5A80088356E /* arrowTexture0.png in Resources */ = {isa = PBXBuildFile; fileRef = 3A3D2C681D51E5A80088356E /* arrowTexture0.png */; };
		3A3D2CC11D51E5A80088356E /* arrowTexture1.png in Resources */ = {isa = PBXBuildFile; fileRef = 3A3D2C691D51E5A80088356E /* arrowTexture1.png */; };
		3A3D2CC21D51E5A80088356E /* arrowTexture2.png in Resources */ = {isa = PBXBuildFile; fileRef = 3A3D2C6A1D51E5A80088356E /* arrowTexture2.png */; };
		3A3D2CC31D51E5A80088356E /* arrowTexture3.png in Resources */ = {isa = PBXBuildFile; fileRef = 3A3D2C6B1D51E5A80088356E /* arrowTexture3.png */; };
		3A3D2CC41D51E5A80088356E /* arrowTexture4.png in Resources */ = {isa = PBXBuildFile; fileRef = 3A3D2C6C1D51E5A80088356E /* arrowTexture4.png */; };
		3A3D2CC51D51E5A80088356E /* car.png in Resources */ = {isa = PBXBuildFile; fileRef = 3A3D2C6D1D51E5A80088356E /* car.png */; };
		3A3D2CC61D51E5A80088356E /* car@2x.png in Resources */ = {isa = PBXBuildFile; fileRef = 3A3D2C6E1D51E5A80088356E /* car@2x.png */; };
		3A3D2CC71D51E5A80088356E /* customCar.png in Resources */ = {isa = PBXBuildFile; fileRef = 3A3D2C6F1D51E5A80088356E /* customCar.png */; };
		3A3D2CC81D51E5A80088356E /* customCompass.png in Resources */ = {isa = PBXBuildFile; fileRef = 3A3D2C701D51E5A80088356E /* customCompass.png */; };
		3A3D2CC91D51E5A80088356E /* leftArrow@2x.png in Resources */ = {isa = PBXBuildFile; fileRef = 3A3D2C711D51E5A80088356E /* leftArrow@2x.png */; };
		3A3D2CCA1D51E5A80088356E /* navi@2x.png in Resources */ = {isa = PBXBuildFile; fileRef = 3A3D2C721D51E5A80088356E /* navi@2x.png */; };
		3A3D2CCB1D51E5A80088356E /* naviBackgroundHighlighted.png in Resources */ = {isa = PBXBuildFile; fileRef = 3A3D2C731D51E5A80088356E /* naviBackgroundHighlighted.png */; };
		3A3D2CCC1D51E5A80088356E /* naviBackgroundNormal.png in Resources */ = {isa = PBXBuildFile; fileRef = 3A3D2C741D51E5A80088356E /* naviBackgroundNormal.png */; };
		3A3D2CCD1D51E5A80088356E /* rightArrow@2x.png in Resources */ = {isa = PBXBuildFile; fileRef = 3A3D2C751D51E5A80088356E /* rightArrow@2x.png */; };
		3A3D2CCE1D51E5A80088356E /* DriveRoutePlanViewController.m in Sources */ = {isa = PBXBuildFile; fileRef = 3A3D2C7A1D51E5A80088356E /* DriveRoutePlanViewController.m */; };
		3A3D2CCF1D51E5A80088356E /* PreferenceView.m in Sources */ = {isa = PBXBuildFile; fileRef = 3A3D2C7C1D51E5A80088356E /* PreferenceView.m */; };
		3A3D2CD01D51E5A80088356E /* WalkRoutePlanViewController.m in Sources */ = {isa = PBXBuildFile; fileRef = 3A3D2C7F1D51E5A80088356E /* WalkRoutePlanViewController.m */; };
		3A3D2CD11D51E5A80088356E /* DetectedModeViewController.m in Sources */ = {isa = PBXBuildFile; fileRef = 3A3D2C831D51E5A80088356E /* DetectedModeViewController.m */; };
		3A3D2CD21D51E5A80088356E /* EmulatorNaviViewController.m in Sources */ = {isa = PBXBuildFile; fileRef = 3A3D2C861D51E5A80088356E /* EmulatorNaviViewController.m */; };
		3A3D2CD31D51E5A80088356E /* AMapNaviEmulatorLocations in Resources */ = {isa = PBXBuildFile; fileRef = 3A3D2C881D51E5A80088356E /* AMapNaviEmulatorLocations */; };
		3A3D2CD41D51E5A80088356E /* AMapNaviEmulatorLocationsAddedTimes in Resources */ = {isa = PBXBuildFile; fileRef = 3A3D2C891D51E5A80088356E /* AMapNaviEmulatorLocationsAddedTimes */; };
		3A3D2CD51D51E5A80088356E /* GPSEmulator.m in Sources */ = {isa = PBXBuildFile; fileRef = 3A3D2C8B1D51E5A80088356E /* GPSEmulator.m */; };
		3A3D2CD61D51E5A80088356E /* GPSEmulatorViewController.m in Sources */ = {isa = PBXBuildFile; fileRef = 3A3D2C8D1D51E5A80088356E /* GPSEmulatorViewController.m */; };
		3A3D2CD71D51E5A80088356E /* GPSNaviViewController.m in Sources */ = {isa = PBXBuildFile; fileRef = 3A3D2C901D51E5A80088356E /* GPSNaviViewController.m */; };
		3A3D2CD91D51E5A80088356E /* HUDNaviViewController.m in Sources */ = {isa = PBXBuildFile; fileRef = 3A3D2C971D51E5A80088356E /* HUDNaviViewController.m */; };
		3A3D2CDA1D51E5A80088356E /* CustomCarCompassViewController.m in Sources */ = {isa = PBXBuildFile; fileRef = 3A3D2C9B1D51E5A80088356E /* CustomCarCompassViewController.m */; };
		3A3D2CDB1D51E5A80088356E /* CustomCrossLaneInfoViewController.m in Sources */ = {isa = PBXBuildFile; fileRef = 3A3D2C9E1D51E5A80088356E /* CustomCrossLaneInfoViewController.m */; };
		3A3D2CDC1D51E5A80088356E /* CustomFunctionalButtonViewController.m in Sources */ = {isa = PBXBuildFile; fileRef = 3A3D2CA11D51E5A80088356E /* CustomFunctionalButtonViewController.m */; };
		3A3D2CDD1D51E5A80088356E /* CustomRoutePolylineViewController.m in Sources */ = {isa = PBXBuildFile; fileRef = 3A3D2CA41D51E5A80088356E /* CustomRoutePolylineViewController.m */; };
		3A3D2CDE1D51E5A80088356E /* CustomRouteTrafficPolylineViewController.m in Sources */ = {isa = PBXBuildFile; fileRef = 3A3D2CA71D51E5A80088356E /* CustomRouteTrafficPolylineViewController.m */; };
		3A3D2CDF1D51E5A80088356E /* CustomTrackingModeViewController.m in Sources */ = {isa = PBXBuildFile; fileRef = 3A3D2CAA1D51E5A80088356E /* CustomTrackingModeViewController.m */; };
		3A3D2CE11D51E5A80088356E /* CustomTurnInfoViewController.m in Sources */ = {isa = PBXBuildFile; fileRef = 3A3D2CB01D51E5A80088356E /* CustomTurnInfoViewController.m */; };
		3A3D2CE21D51E5A80088356E /* MultiRoutePlanViewController.m in Sources */ = {isa = PBXBuildFile; fileRef = 3A3D2CB41D51E5A80088356E /* MultiRoutePlanViewController.m */; };
		3A3D2CE31D51E5A80088356E /* QuickStartAnnotationView.m in Sources */ = {isa = PBXBuildFile; fileRef = 3A3D2CB71D51E5A80088356E /* QuickStartAnnotationView.m */; };
		3A3D2CE41D51E5A80088356E /* QuickStartViewController.m in Sources */ = {isa = PBXBuildFile; fileRef = 3A3D2CB91D51E5A80088356E /* QuickStartViewController.m */; };
/* End PBXBuildFile section */

/* Begin PBXFileReference section */
		3A1B4B771CC77046003DEA3A /* officialDemoNavi-Swift.app */ = {isa = PBXFileReference; explicitFileType = wrapper.application; includeInIndex = 0; path = "officialDemoNavi-Swift.app"; sourceTree = BUILT_PRODUCTS_DIR; };
		3A1B4B791CC77046003DEA3A /* AppDelegate.swift */ = {isa = PBXFileReference; lastKnownFileType = sourcecode.swift; path = AppDelegate.swift; sourceTree = "<group>"; };
		3A1B4B7B1CC77046003DEA3A /* ViewController.swift */ = {isa = PBXFileReference; lastKnownFileType = sourcecode.swift; path = ViewController.swift; sourceTree = "<group>"; };
		3A1B4B801CC77046003DEA3A /* Assets.xcassets */ = {isa = PBXFileReference; lastKnownFileType = folder.assetcatalog; path = Assets.xcassets; sourceTree = "<group>"; };
		3A1B4B831CC77046003DEA3A /* Base */ = {isa = PBXFileReference; lastKnownFileType = file.storyboard; name = Base; path = Base.lproj/LaunchScreen.storyboard; sourceTree = "<group>"; };
		3A1B4B851CC77046003DEA3A /* Info.plist */ = {isa = PBXFileReference; lastKnownFileType = text.plist.xml; path = Info.plist; sourceTree = "<group>"; };
		3A1B4B931CC775DF003DEA3A /* officialDemoNavi-Swift-Bridging-Header.h */ = {isa = PBXFileReference; fileEncoding = 4; lastKnownFileType = sourcecode.c.h; path = "officialDemoNavi-Swift-Bridging-Header.h"; sourceTree = SOURCE_ROOT; };
		3A1B4BBB1CD21FF4003DEA3A /* AMapSearchKit.framework */ = {isa = PBXFileReference; lastKnownFileType = wrapper.framework; name = AMapSearchKit.framework; path = officialDemoNavi/Extern/AMapSearchKit.framework; sourceTree = "<group>"; };
		3A36052D1CA23DB300DC3B61 /* officialDemoNavi.app */ = {isa = PBXFileReference; explicitFileType = wrapper.application; includeInIndex = 0; path = officialDemoNavi.app; sourceTree = BUILT_PRODUCTS_DIR; };
		3A3605311CA23DB300DC3B61 /* main.m */ = {isa = PBXFileReference; lastKnownFileType = sourcecode.c.objc; path = main.m; sourceTree = "<group>"; };
		3A3605331CA23DB300DC3B61 /* AppDelegate.h */ = {isa = PBXFileReference; lastKnownFileType = sourcecode.c.h; path = AppDelegate.h; sourceTree = "<group>"; };
		3A3605341CA23DB300DC3B61 /* AppDelegate.m */ = {isa = PBXFileReference; lastKnownFileType = sourcecode.c.objc; path = AppDelegate.m; sourceTree = "<group>"; };
		3A36053F1CA23DB300DC3B61 /* Base */ = {isa = PBXFileReference; lastKnownFileType = file.storyboard; name = Base; path = Base.lproj/LaunchScreen.storyboard; sourceTree = "<group>"; };
		3A3605411CA23DB300DC3B61 /* Info.plist */ = {isa = PBXFileReference; lastKnownFileType = text.plist.xml; path = Info.plist; sourceTree = "<group>"; };
		3A3605581CA29DE400DC3B61 /* APIKey.h */ = {isa = PBXFileReference; fileEncoding = 4; lastKnownFileType = sourcecode.c.h; path = APIKey.h; sourceTree = "<group>"; };
		3A3605991CA29DE400DC3B61 /* MainViewController.h */ = {isa = PBXFileReference; fileEncoding = 4; lastKnownFileType = sourcecode.c.h; path = MainViewController.h; sourceTree = "<group>"; };
		3A36059A1CA29DE400DC3B61 /* MainViewController.m */ = {isa = PBXFileReference; fileEncoding = 4; lastKnownFileType = sourcecode.c.objc; path = MainViewController.m; sourceTree = "<group>"; };
		3A3605BD1CA3867100DC3B61 /* AMapFoundationKit.framework */ = {isa = PBXFileReference; lastKnownFileType = wrapper.framework; name = AMapFoundationKit.framework; path = officialDemoNavi/Extern/AMapFoundationKit.framework; sourceTree = "<group>"; };
		3A3605BE1CA3867100DC3B61 /* AMapNaviKit.framework */ = {isa = PBXFileReference; lastKnownFileType = wrapper.framework; name = AMapNaviKit.framework; path = officialDemoNavi/Extern/AMapNaviKit.framework; sourceTree = "<group>"; };
		3A3605BF1CA3867100DC3B61 /* MAMapKit.framework */ = {isa = PBXFileReference; lastKnownFileType = wrapper.framework; name = MAMapKit.framework; path = officialDemoNavi/Extern/MAMapKit.framework; sourceTree = "<group>"; };
		3A3605C31CA3868400DC3B61 /* AMap.bundle */ = {isa = PBXFileReference; lastKnownFileType = "wrapper.plug-in"; name = AMap.bundle; path = officialDemoNavi/Extern/MAMapKit.framework/AMap.bundle; sourceTree = "<group>"; };
		3A3605C51CA3868F00DC3B61 /* AMapNavi.bundle */ = {isa = PBXFileReference; lastKnownFileType = "wrapper.plug-in"; name = AMapNavi.bundle; path = officialDemoNavi/Extern/AMapNaviKit.framework/AMapNavi.bundle; sourceTree = "<group>"; };
		3A3605C71CA386F200DC3B61 /* SystemConfiguration.framework */ = {isa = PBXFileReference; lastKnownFileType = wrapper.framework; name = SystemConfiguration.framework; path = System/Library/Frameworks/SystemConfiguration.framework; sourceTree = SDKROOT; };
		3A3605C91CA3871000DC3B61 /* libstdc++.6.0.9.tbd */ = {isa = PBXFileReference; lastKnownFileType = "sourcecode.text-based-dylib-definition"; name = "libstdc++.6.0.9.tbd"; path = "usr/lib/libstdc++.6.0.9.tbd"; sourceTree = SDKROOT; };
		3A3605CB1CA3871900DC3B61 /* libc++.tbd */ = {isa = PBXFileReference; lastKnownFileType = "sourcecode.text-based-dylib-definition"; name = "libc++.tbd"; path = "usr/lib/libc++.tbd"; sourceTree = SDKROOT; };
		3A3605CD1CA3872100DC3B61 /* libz.tbd */ = {isa = PBXFileReference; lastKnownFileType = "sourcecode.text-based-dylib-definition"; name = libz.tbd; path = usr/lib/libz.tbd; sourceTree = SDKROOT; };
		3A3605CF1CA3872C00DC3B61 /* CoreTelephony.framework */ = {isa = PBXFileReference; lastKnownFileType = wrapper.framework; name = CoreTelephony.framework; path = System/Library/Frameworks/CoreTelephony.framework; sourceTree = SDKROOT; };
		3A3605D11CA3879E00DC3B61 /* icon-72.png */ = {isa = PBXFileReference; lastKnownFileType = image.png; path = "icon-72.png"; sourceTree = SOURCE_ROOT; };
		3A3605D21CA3879E00DC3B61 /* icon-72@2x.png */ = {isa = PBXFileReference; lastKnownFileType = image.png; path = "icon-72@2x.png"; sourceTree = SOURCE_ROOT; };
		3A3605D31CA3879E00DC3B61 /* icon.png */ = {isa = PBXFileReference; lastKnownFileType = image.png; path = icon.png; sourceTree = SOURCE_ROOT; };
		3A3605D41CA3879E00DC3B61 /* icon@2x.png */ = {isa = PBXFileReference; lastKnownFileType = image.png; path = "icon@2x.png"; sourceTree = SOURCE_ROOT; };
		3A3D2C561D51E5A80088356E /* DriveNaviViewController.h */ = {isa = PBXFileReference; fileEncoding = 4; lastKnownFileType = sourcecode.c.h; path = DriveNaviViewController.h; sourceTree = "<group>"; };
		3A3D2C571D51E5A80088356E /* DriveNaviViewController.m */ = {isa = PBXFileReference; fileEncoding = 4; lastKnownFileType = sourcecode.c.objc; path = DriveNaviViewController.m; sourceTree = "<group>"; };
		3A3D2C591D51E5A80088356E /* MoreMenuView.h */ = {isa = PBXFileReference; fileEncoding = 4; lastKnownFileType = sourcecode.c.h; path = MoreMenuView.h; sourceTree = "<group>"; };
		3A3D2C5A1D51E5A80088356E /* MoreMenuView.m */ = {isa = PBXFileReference; fileEncoding = 4; lastKnownFileType = sourcecode.c.objc; path = MoreMenuView.m; sourceTree = "<group>"; };
		3A3D2C5C1D51E5A80088356E /* NaviPointAnnotation.h */ = {isa = PBXFileReference; fileEncoding = 4; lastKnownFileType = sourcecode.c.h; path = NaviPointAnnotation.h; sourceTree = "<group>"; };
		3A3D2C5D1D51E5A80088356E /* NaviPointAnnotation.m */ = {isa = PBXFileReference; fileEncoding = 4; lastKnownFileType = sourcecode.c.objc; path = NaviPointAnnotation.m; sourceTree = "<group>"; };
		3A3D2C5F1D51E5A80088356E /* RouteCollectionViewCell.h */ = {isa = PBXFileReference; fileEncoding = 4; lastKnownFileType = sourcecode.c.h; path = RouteCollectionViewCell.h; sourceTree = "<group>"; };
		3A3D2C601D51E5A80088356E /* RouteCollectionViewCell.m */ = {isa = PBXFileReference; fileEncoding = 4; lastKnownFileType = sourcecode.c.objc; path = RouteCollectionViewCell.m; sourceTree = "<group>"; };
		3A3D2C621D51E5A80088356E /* SelectableOverlay.h */ = {isa = PBXFileReference; fileEncoding = 4; lastKnownFileType = sourcecode.c.h; path = SelectableOverlay.h; sourceTree = "<group>"; };
		3A3D2C631D51E5A80088356E /* SelectableOverlay.m */ = {isa = PBXFileReference; fileEncoding = 4; lastKnownFileType = sourcecode.c.objc; path = SelectableOverlay.m; sourceTree = "<group>"; };
		3A3D2C651D51E5A80088356E /* SpeechSynthesizer.h */ = {isa = PBXFileReference; fileEncoding = 4; lastKnownFileType = sourcecode.c.h; path = SpeechSynthesizer.h; sourceTree = "<group>"; };
		3A3D2C661D51E5A80088356E /* SpeechSynthesizer.m */ = {isa = PBXFileReference; fileEncoding = 4; lastKnownFileType = sourcecode.c.objc; path = SpeechSynthesizer.m; sourceTree = "<group>"; };
		3A3D2C681D51E5A80088356E /* arrowTexture0.png */ = {isa = PBXFileReference; lastKnownFileType = image.png; path = arrowTexture0.png; sourceTree = "<group>"; };
		3A3D2C691D51E5A80088356E /* arrowTexture1.png */ = {isa = PBXFileReference; lastKnownFileType = image.png; path = arrowTexture1.png; sourceTree = "<group>"; };
		3A3D2C6A1D51E5A80088356E /* arrowTexture2.png */ = {isa = PBXFileReference; lastKnownFileType = image.png; path = arrowTexture2.png; sourceTree = "<group>"; };
		3A3D2C6B1D51E5A80088356E /* arrowTexture3.png */ = {isa = PBXFileReference; lastKnownFileType = image.png; path = arrowTexture3.png; sourceTree = "<group>"; };
		3A3D2C6C1D51E5A80088356E /* arrowTexture4.png */ = {isa = PBXFileReference; lastKnownFileType = image.png; path = arrowTexture4.png; sourceTree = "<group>"; };
		3A3D2C6D1D51E5A80088356E /* car.png */ = {isa = PBXFileReference; lastKnownFileType = image.png; path = car.png; sourceTree = "<group>"; };
		3A3D2C6E1D51E5A80088356E /* car@2x.png */ = {isa = PBXFileReference; lastKnownFileType = image.png; path = "car@2x.png"; sourceTree = "<group>"; };
		3A3D2C6F1D51E5A80088356E /* customCar.png */ = {isa = PBXFileReference; lastKnownFileType = image.png; path = customCar.png; sourceTree = "<group>"; };
		3A3D2C701D51E5A80088356E /* customCompass.png */ = {isa = PBXFileReference; lastKnownFileType = image.png; path = customCompass.png; sourceTree = "<group>"; };
		3A3D2C711D51E5A80088356E /* leftArrow@2x.png */ = {isa = PBXFileReference; lastKnownFileType = image.png; path = "leftArrow@2x.png"; sourceTree = "<group>"; };
		3A3D2C721D51E5A80088356E /* navi@2x.png */ = {isa = PBXFileReference; lastKnownFileType = image.png; path = "navi@2x.png"; sourceTree = "<group>"; };
		3A3D2C731D51E5A80088356E /* naviBackgroundHighlighted.png */ = {isa = PBXFileReference; lastKnownFileType = image.png; path = naviBackgroundHighlighted.png; sourceTree = "<group>"; };
		3A3D2C741D51E5A80088356E /* naviBackgroundNormal.png */ = {isa = PBXFileReference; lastKnownFileType = image.png; path = naviBackgroundNormal.png; sourceTree = "<group>"; };
		3A3D2C751D51E5A80088356E /* rightArrow@2x.png */ = {isa = PBXFileReference; lastKnownFileType = image.png; path = "rightArrow@2x.png"; sourceTree = "<group>"; };
		3A3D2C791D51E5A80088356E /* DriveRoutePlanViewController.h */ = {isa = PBXFileReference; fileEncoding = 4; lastKnownFileType = sourcecode.c.h; path = DriveRoutePlanViewController.h; sourceTree = "<group>"; };
		3A3D2C7A1D51E5A80088356E /* DriveRoutePlanViewController.m */ = {isa = PBXFileReference; fileEncoding = 4; lastKnownFileType = sourcecode.c.objc; path = DriveRoutePlanViewController.m; sourceTree = "<group>"; };
		3A3D2C7B1D51E5A80088356E /* PreferenceView.h */ = {isa = PBXFileReference; fileEncoding = 4; lastKnownFileType = sourcecode.c.h; path = PreferenceView.h; sourceTree = "<group>"; };
		3A3D2C7C1D51E5A80088356E /* PreferenceView.m */ = {isa = PBXFileReference; fileEncoding = 4; lastKnownFileType = sourcecode.c.objc; path = PreferenceView.m; sourceTree = "<group>"; };
		3A3D2C7E1D51E5A80088356E /* WalkRoutePlanViewController.h */ = {isa = PBXFileReference; fileEncoding = 4; lastKnownFileType = sourcecode.c.h; path = WalkRoutePlanViewController.h; sourceTree = "<group>"; };
		3A3D2C7F1D51E5A80088356E /* WalkRoutePlanViewController.m */ = {isa = PBXFileReference; fileEncoding = 4; lastKnownFileType = sourcecode.c.objc; path = WalkRoutePlanViewController.m; sourceTree = "<group>"; };
		3A3D2C821D51E5A80088356E /* DetectedModeViewController.h */ = {isa = PBXFileReference; fileEncoding = 4; lastKnownFileType = sourcecode.c.h; path = DetectedModeViewController.h; sourceTree = "<group>"; };
		3A3D2C831D51E5A80088356E /* DetectedModeViewController.m */ = {isa = PBXFileReference; fileEncoding = 4; lastKnownFileType = sourcecode.c.objc; path = DetectedModeViewController.m; sourceTree = "<group>"; };
		3A3D2C851D51E5A80088356E /* EmulatorNaviViewController.h */ = {isa = PBXFileReference; fileEncoding = 4; lastKnownFileType = sourcecode.c.h; path = EmulatorNaviViewController.h; sourceTree = "<group>"; };
		3A3D2C861D51E5A80088356E /* EmulatorNaviViewController.m */ = {isa = PBXFileReference; fileEncoding = 4; lastKnownFileType = sourcecode.c.objc; path = EmulatorNaviViewController.m; sourceTree = "<group>"; };
		3A3D2C881D51E5A80088356E /* AMapNaviEmulatorLocations */ = {isa = PBXFileReference; lastKnownFileType = file.bplist; path = AMapNaviEmulatorLocations; sourceTree = "<group>"; };
		3A3D2C891D51E5A80088356E /* AMapNaviEmulatorLocationsAddedTimes */ = {isa = PBXFileReference; lastKnownFileType = file.bplist; path = AMapNaviEmulatorLocationsAddedTimes; sourceTree = "<group>"; };
		3A3D2C8A1D51E5A80088356E /* GPSEmulator.h */ = {isa = PBXFileReference; fileEncoding = 4; lastKnownFileType = sourcecode.c.h; path = GPSEmulator.h; sourceTree = "<group>"; };
		3A3D2C8B1D51E5A80088356E /* GPSEmulator.m */ = {isa = PBXFileReference; fileEncoding = 4; lastKnownFileType = sourcecode.c.objc; path = GPSEmulator.m; sourceTree = "<group>"; };
		3A3D2C8C1D51E5A80088356E /* GPSEmulatorViewController.h */ = {isa = PBXFileReference; fileEncoding = 4; lastKnownFileType = sourcecode.c.h; path = GPSEmulatorViewController.h; sourceTree = "<group>"; };
		3A3D2C8D1D51E5A80088356E /* GPSEmulatorViewController.m */ = {isa = PBXFileReference; fileEncoding = 4; lastKnownFileType = sourcecode.c.objc; path = GPSEmulatorViewController.m; sourceTree = "<group>"; };
		3A3D2C8F1D51E5A80088356E /* GPSNaviViewController.h */ = {isa = PBXFileReference; fileEncoding = 4; lastKnownFileType = sourcecode.c.h; path = GPSNaviViewController.h; sourceTree = "<group>"; };
		3A3D2C901D51E5A80088356E /* GPSNaviViewController.m */ = {isa = PBXFileReference; fileEncoding = 4; lastKnownFileType = sourcecode.c.objc; path = GPSNaviViewController.m; sourceTree = "<group>"; };
		3A3D2C961D51E5A80088356E /* HUDNaviViewController.h */ = {isa = PBXFileReference; fileEncoding = 4; lastKnownFileType = sourcecode.c.h; path = HUDNaviViewController.h; sourceTree = "<group>"; };
		3A3D2C971D51E5A80088356E /* HUDNaviViewController.m */ = {isa = PBXFileReference; fileEncoding = 4; lastKnownFileType = sourcecode.c.objc; path = HUDNaviViewController.m; sourceTree = "<group>"; };
		3A3D2C9A1D51E5A80088356E /* CustomCarCompassViewController.h */ = {isa = PBXFileReference; fileEncoding = 4; lastKnownFileType = sourcecode.c.h; path = CustomCarCompassViewController.h; sourceTree = "<group>"; };
		3A3D2C9B1D51E5A80088356E /* CustomCarCompassViewController.m */ = {isa = PBXFileReference; fileEncoding = 4; lastKnownFileType = sourcecode.c.objc; path = CustomCarCompassViewController.m; sourceTree = "<group>"; };
		3A3D2C9D1D51E5A80088356E /* CustomCrossLaneInfoViewController.h */ = {isa = PBXFileReference; fileEncoding = 4; lastKnownFileType = sourcecode.c.h; path = CustomCrossLaneInfoViewController.h; sourceTree = "<group>"; };
		3A3D2C9E1D51E5A80088356E /* CustomCrossLaneInfoViewController.m */ = {isa = PBXFileReference; fileEncoding = 4; lastKnownFileType = sourcecode.c.objc; path = CustomCrossLaneInfoViewController.m; sourceTree = "<group>"; };
		3A3D2CA01D51E5A80088356E /* CustomFunctionalButtonViewController.h */ = {isa = PBXFileReference; fileEncoding = 4; lastKnownFileType = sourcecode.c.h; path = CustomFunctionalButtonViewController.h; sourceTree = "<group>"; };
		3A3D2CA11D51E5A80088356E /* CustomFunctionalButtonViewController.m */ = {isa = PBXFileReference; fileEncoding = 4; lastKnownFileType = sourcecode.c.objc; path = CustomFunctionalButtonViewController.m; sourceTree = "<group>"; };
		3A3D2CA31D51E5A80088356E /* CustomRoutePolylineViewController.h */ = {isa = PBXFileReference; fileEncoding = 4; lastKnownFileType = sourcecode.c.h; path = CustomRoutePolylineViewController.h; sourceTree = "<group>"; };
		3A3D2CA41D51E5A80088356E /* CustomRoutePolylineViewController.m */ = {isa = PBXFileReference; fileEncoding = 4; lastKnownFileType = sourcecode.c.objc; path = CustomRoutePolylineViewController.m; sourceTree = "<group>"; };
		3A3D2CA61D51E5A80088356E /* CustomRouteTrafficPolylineViewController.h */ = {isa = PBXFileReference; fileEncoding = 4; lastKnownFileType = sourcecode.c.h; path = CustomRouteTrafficPolylineViewController.h; sourceTree = "<group>"; };
		3A3D2CA71D51E5A80088356E /* CustomRouteTrafficPolylineViewController.m */ = {isa = PBXFileReference; fileEncoding = 4; lastKnownFileType = sourcecode.c.objc; path = CustomRouteTrafficPolylineViewController.m; sourceTree = "<group>"; };
		3A3D2CA91D51E5A80088356E /* CustomTrackingModeViewController.h */ = {isa = PBXFileReference; fileEncoding = 4; lastKnownFileType = sourcecode.c.h; path = CustomTrackingModeViewController.h; sourceTree = "<group>"; };
		3A3D2CAA1D51E5A80088356E /* CustomTrackingModeViewController.m */ = {isa = PBXFileReference; fileEncoding = 4; lastKnownFileType = sourcecode.c.objc; path = CustomTrackingModeViewController.m; sourceTree = "<group>"; };
		3A3D2CAF1D51E5A80088356E /* CustomTurnInfoViewController.h */ = {isa = PBXFileReference; fileEncoding = 4; lastKnownFileType = sourcecode.c.h; path = CustomTurnInfoViewController.h; sourceTree = "<group>"; };
		3A3D2CB01D51E5A80088356E /* CustomTurnInfoViewController.m */ = {isa = PBXFileReference; fileEncoding = 4; lastKnownFileType = sourcecode.c.objc; path = CustomTurnInfoViewController.m; sourceTree = "<group>"; };
		3A3D2CB31D51E5A80088356E /* MultiRoutePlanViewController.h */ = {isa = PBXFileReference; fileEncoding = 4; lastKnownFileType = sourcecode.c.h; path = MultiRoutePlanViewController.h; sourceTree = "<group>"; };
		3A3D2CB41D51E5A80088356E /* MultiRoutePlanViewController.m */ = {isa = PBXFileReference; fileEncoding = 4; lastKnownFileType = sourcecode.c.objc; path = MultiRoutePlanViewController.m; sourceTree = "<group>"; };
		3A3D2CB61D51E5A80088356E /* QuickStartAnnotationView.h */ = {isa = PBXFileReference; fileEncoding = 4; lastKnownFileType = sourcecode.c.h; path = QuickStartAnnotationView.h; sourceTree = "<group>"; };
		3A3D2CB71D51E5A80088356E /* QuickStartAnnotationView.m */ = {isa = PBXFileReference; fileEncoding = 4; lastKnownFileType = sourcecode.c.objc; path = QuickStartAnnotationView.m; sourceTree = "<group>"; };
		3A3D2CB81D51E5A80088356E /* QuickStartViewController.h */ = {isa = PBXFileReference; fileEncoding = 4; lastKnownFileType = sourcecode.c.h; path = QuickStartViewController.h; sourceTree = "<group>"; };
		3A3D2CB91D51E5A80088356E /* QuickStartViewController.m */ = {isa = PBXFileReference; fileEncoding = 4; lastKnownFileType = sourcecode.c.objc; path = QuickStartViewController.m; sourceTree = "<group>"; };
/* End PBXFileReference section */

/* Begin PBXFrameworksBuildPhase section */
		3A1B4B741CC77046003DEA3A /* Frameworks */ = {
			isa = PBXFrameworksBuildPhase;
			buildActionMask = 2147483647;
			files = (
				3A1B4B8E1CC77133003DEA3A /* AMapFoundationKit.framework in Frameworks */,
				3A1B4B8F1CC77133003DEA3A /* AMapNaviKit.framework in Frameworks */,
				3A1B4B901CC77133003DEA3A /* MAMapKit.framework in Frameworks */,
				3A1B4B8D1CC7712A003DEA3A /* libz.tbd in Frameworks */,
				3A1B4B8C1CC77126003DEA3A /* libc++.tbd in Frameworks */,
				3A1B4B8B1CC77123003DEA3A /* libstdc++.6.0.9.tbd in Frameworks */,
				3A1B4B961CC77D10003DEA3A /* CoreTelephony.framework in Frameworks */,
				3A1B4B951CC77D04003DEA3A /* SystemConfiguration.framework in Frameworks */,
			);
			runOnlyForDeploymentPostprocessing = 0;
		};
		3A36052A1CA23DB300DC3B61 /* Frameworks */ = {
			isa = PBXFrameworksBuildPhase;
			buildActionMask = 2147483647;
			files = (
				3A1B4BBC1CD21FF4003DEA3A /* AMapSearchKit.framework in Frameworks */,
				3A3605C01CA3867100DC3B61 /* AMapFoundationKit.framework in Frameworks */,
				3A3605C11CA3867100DC3B61 /* AMapNaviKit.framework in Frameworks */,
				3A3605C21CA3867100DC3B61 /* MAMapKit.framework in Frameworks */,
				3A3605CE1CA3872100DC3B61 /* libz.tbd in Frameworks */,
				3A3605CC1CA3871900DC3B61 /* libc++.tbd in Frameworks */,
				3A3605CA1CA3871000DC3B61 /* libstdc++.6.0.9.tbd in Frameworks */,
				3A3605D01CA3872C00DC3B61 /* CoreTelephony.framework in Frameworks */,
				3A3605C81CA386F200DC3B61 /* SystemConfiguration.framework in Frameworks */,
			);
			runOnlyForDeploymentPostprocessing = 0;
		};
/* End PBXFrameworksBuildPhase section */

/* Begin PBXGroup section */
		3A1B4B781CC77046003DEA3A /* officialDemoNavi-Swift */ = {
			isa = PBXGroup;
			children = (
				3A1B4B931CC775DF003DEA3A /* officialDemoNavi-Swift-Bridging-Header.h */,
				3A1B4B791CC77046003DEA3A /* AppDelegate.swift */,
				3A1B4B7B1CC77046003DEA3A /* ViewController.swift */,
				3A1B4B801CC77046003DEA3A /* Assets.xcassets */,
				3A1B4B821CC77046003DEA3A /* LaunchScreen.storyboard */,
				3A1B4B851CC77046003DEA3A /* Info.plist */,
			);
			path = "officialDemoNavi-Swift";
			sourceTree = "<group>";
		};
		3A3605241CA23DB300DC3B61 = {
			isa = PBXGroup;
			children = (
				3A3605C51CA3868F00DC3B61 /* AMapNavi.bundle */,
				3A3605C31CA3868400DC3B61 /* AMap.bundle */,
				3A1B4BBB1CD21FF4003DEA3A /* AMapSearchKit.framework */,
				3A3605BD1CA3867100DC3B61 /* AMapFoundationKit.framework */,
				3A3605BE1CA3867100DC3B61 /* AMapNaviKit.framework */,
				3A3605BF1CA3867100DC3B61 /* MAMapKit.framework */,
				3A36052F1CA23DB300DC3B61 /* officialDemoNavi */,
				3A1B4B781CC77046003DEA3A /* officialDemoNavi-Swift */,
				3A36052E1CA23DB300DC3B61 /* Products */,
			);
			sourceTree = "<group>";
		};
		3A36052E1CA23DB300DC3B61 /* Products */ = {
			isa = PBXGroup;
			children = (
				3A36052D1CA23DB300DC3B61 /* officialDemoNavi.app */,
				3A1B4B771CC77046003DEA3A /* officialDemoNavi-Swift.app */,
			);
			name = Products;
			sourceTree = "<group>";
		};
		3A36052F1CA23DB300DC3B61 /* officialDemoNavi */ = {
			isa = PBXGroup;
			children = (
				3A3605331CA23DB300DC3B61 /* AppDelegate.h */,
				3A3605341CA23DB300DC3B61 /* AppDelegate.m */,
				3A3605991CA29DE400DC3B61 /* MainViewController.h */,
				3A36059A1CA29DE400DC3B61 /* MainViewController.m */,
				3A3D2C761D51E5A80088356E /* Items */,
				3A3605571CA29DE400DC3B61 /* Configuration */,
				3A3D2C541D51E5A80088356E /* Common */,
				3A3D2C671D51E5A80088356E /* Images */,
				3A36053E1CA23DB300DC3B61 /* LaunchScreen.storyboard */,
				3A3605411CA23DB300DC3B61 /* Info.plist */,
				3A3605301CA23DB300DC3B61 /* Supporting Files */,
			);
			path = officialDemoNavi;
			sourceTree = "<group>";
		};
		3A3605301CA23DB300DC3B61 /* Supporting Files */ = {
			isa = PBXGroup;
			children = (
				3A3605D11CA3879E00DC3B61 /* icon-72.png */,
				3A3605D21CA3879E00DC3B61 /* icon-72@2x.png */,
				3A3605D31CA3879E00DC3B61 /* icon.png */,
				3A3605D41CA3879E00DC3B61 /* icon@2x.png */,
				3A3605311CA23DB300DC3B61 /* main.m */,
				3A3605CD1CA3872100DC3B61 /* libz.tbd */,
				3A3605CB1CA3871900DC3B61 /* libc++.tbd */,
				3A3605C91CA3871000DC3B61 /* libstdc++.6.0.9.tbd */,
				3A3605CF1CA3872C00DC3B61 /* CoreTelephony.framework */,
				3A3605C71CA386F200DC3B61 /* SystemConfiguration.framework */,
			);
			name = "Supporting Files";
			sourceTree = "<group>";
		};
		3A3605571CA29DE400DC3B61 /* Configuration */ = {
			isa = PBXGroup;
			children = (
				3A3605581CA29DE400DC3B61 /* APIKey.h */,
			);
			path = Configuration;
			sourceTree = "<group>";
		};
		3A3D2C541D51E5A80088356E /* Common */ = {
			isa = PBXGroup;
			children = (
				3A3D2C551D51E5A80088356E /* DriveNaviViewController */,
				3A3D2C581D51E5A80088356E /* MoreMenuView */,
				3A3D2C5B1D51E5A80088356E /* PointAnnotation */,
				3A3D2C5E1D51E5A80088356E /* RouteCollectionViewCell */,
				3A3D2C611D51E5A80088356E /* SelectableOverlay */,
				3A3D2C641D51E5A80088356E /* SpeechSynthesizer */,
			);
			path = Common;
			sourceTree = "<group>";
		};
		3A3D2C551D51E5A80088356E /* DriveNaviViewController */ = {
			isa = PBXGroup;
			children = (
				3A3D2C561D51E5A80088356E /* DriveNaviViewController.h */,
				3A3D2C571D51E5A80088356E /* DriveNaviViewController.m */,
			);
			path = DriveNaviViewController;
			sourceTree = "<group>";
		};
		3A3D2C581D51E5A80088356E /* MoreMenuView */ = {
			isa = PBXGroup;
			children = (
				3A3D2C591D51E5A80088356E /* MoreMenuView.h */,
				3A3D2C5A1D51E5A80088356E /* MoreMenuView.m */,
			);
			path = MoreMenuView;
			sourceTree = "<group>";
		};
		3A3D2C5B1D51E5A80088356E /* PointAnnotation */ = {
			isa = PBXGroup;
			children = (
				3A3D2C5C1D51E5A80088356E /* NaviPointAnnotation.h */,
				3A3D2C5D1D51E5A80088356E /* NaviPointAnnotation.m */,
			);
			path = PointAnnotation;
			sourceTree = "<group>";
		};
		3A3D2C5E1D51E5A80088356E /* RouteCollectionViewCell */ = {
			isa = PBXGroup;
			children = (
				3A3D2C5F1D51E5A80088356E /* RouteCollectionViewCell.h */,
				3A3D2C601D51E5A80088356E /* RouteCollectionViewCell.m */,
			);
			path = RouteCollectionViewCell;
			sourceTree = "<group>";
		};
		3A3D2C611D51E5A80088356E /* SelectableOverlay */ = {
			isa = PBXGroup;
			children = (
				3A3D2C621D51E5A80088356E /* SelectableOverlay.h */,
				3A3D2C631D51E5A80088356E /* SelectableOverlay.m */,
			);
			path = SelectableOverlay;
			sourceTree = "<group>";
		};
		3A3D2C641D51E5A80088356E /* SpeechSynthesizer */ = {
			isa = PBXGroup;
			children = (
				3A3D2C651D51E5A80088356E /* SpeechSynthesizer.h */,
				3A3D2C661D51E5A80088356E /* SpeechSynthesizer.m */,
			);
			path = SpeechSynthesizer;
			sourceTree = "<group>";
		};
		3A3D2C671D51E5A80088356E /* Images */ = {
			isa = PBXGroup;
			children = (
				3A3D2C681D51E5A80088356E /* arrowTexture0.png */,
				3A3D2C691D51E5A80088356E /* arrowTexture1.png */,
				3A3D2C6A1D51E5A80088356E /* arrowTexture2.png */,
				3A3D2C6B1D51E5A80088356E /* arrowTexture3.png */,
				3A3D2C6C1D51E5A80088356E /* arrowTexture4.png */,
				3A3D2C6D1D51E5A80088356E /* car.png */,
				3A3D2C6E1D51E5A80088356E /* car@2x.png */,
				3A3D2C6F1D51E5A80088356E /* customCar.png */,
				3A3D2C701D51E5A80088356E /* customCompass.png */,
				3A3D2C711D51E5A80088356E /* leftArrow@2x.png */,
				3A3D2C721D51E5A80088356E /* navi@2x.png */,
				3A3D2C731D51E5A80088356E /* naviBackgroundHighlighted.png */,
				3A3D2C741D51E5A80088356E /* naviBackgroundNormal.png */,
				3A3D2C751D51E5A80088356E /* rightArrow@2x.png */,
			);
			path = Images;
			sourceTree = "<group>";
		};
		3A3D2C761D51E5A80088356E /* Items */ = {
			isa = PBXGroup;
			children = (
				3A3D2C771D51E5A80088356E /* Section1 */,
				3A3D2C801D51E5A80088356E /* Section2 */,
				3A3D2C941D51E5A80088356E /* Section3 */,
				3A3D2C981D51E5A80088356E /* Section4 */,
				3A3D2CB11D51E5A80088356E /* Section5 */,
			);
			path = Items;
			sourceTree = "<group>";
		};
		3A3D2C771D51E5A80088356E /* Section1 */ = {
			isa = PBXGroup;
			children = (
				3A3D2C781D51E5A80088356E /* DriveRoutePlan */,
				3A3D2C7D1D51E5A80088356E /* WalkRoutePlan */,
			);
			path = Section1;
			sourceTree = "<group>";
		};
		3A3D2C781D51E5A80088356E /* DriveRoutePlan */ = {
			isa = PBXGroup;
			children = (
				3A3D2C791D51E5A80088356E /* DriveRoutePlanViewController.h */,
				3A3D2C7A1D51E5A80088356E /* DriveRoutePlanViewController.m */,
				3A3D2C7B1D51E5A80088356E /* PreferenceView.h */,
				3A3D2C7C1D51E5A80088356E /* PreferenceView.m */,
			);
			path = DriveRoutePlan;
			sourceTree = "<group>";
		};
		3A3D2C7D1D51E5A80088356E /* WalkRoutePlan */ = {
			isa = PBXGroup;
			children = (
				3A3D2C7E1D51E5A80088356E /* WalkRoutePlanViewController.h */,
				3A3D2C7F1D51E5A80088356E /* WalkRoutePlanViewController.m */,
			);
			path = WalkRoutePlan;
			sourceTree = "<group>";
		};
		3A3D2C801D51E5A80088356E /* Section2 */ = {
			isa = PBXGroup;
			children = (
				3A3D2C8E1D51E5A80088356E /* GPSNavi */,
				3A3D2C841D51E5A80088356E /* EmulatorNavi */,
				3A3D2C811D51E5A80088356E /* DetectedMode */,
				3A3D2C871D51E5A80088356E /* GPSEmulator */,
			);
			path = Section2;
			sourceTree = "<group>";
		};
		3A3D2C811D51E5A80088356E /* DetectedMode */ = {
			isa = PBXGroup;
			children = (
				3A3D2C821D51E5A80088356E /* DetectedModeViewController.h */,
				3A3D2C831D51E5A80088356E /* DetectedModeViewController.m */,
			);
			path = DetectedMode;
			sourceTree = "<group>";
		};
		3A3D2C841D51E5A80088356E /* EmulatorNavi */ = {
			isa = PBXGroup;
			children = (
				3A3D2C851D51E5A80088356E /* EmulatorNaviViewController.h */,
				3A3D2C861D51E5A80088356E /* EmulatorNaviViewController.m */,
			);
			path = EmulatorNavi;
			sourceTree = "<group>";
		};
		3A3D2C871D51E5A80088356E /* GPSEmulator */ = {
			isa = PBXGroup;
			children = (
				3A3D2C8C1D51E5A80088356E /* GPSEmulatorViewController.h */,
				3A3D2C8D1D51E5A80088356E /* GPSEmulatorViewController.m */,
				3A3D2C8A1D51E5A80088356E /* GPSEmulator.h */,
				3A3D2C8B1D51E5A80088356E /* GPSEmulator.m */,
				3A3D2C881D51E5A80088356E /* AMapNaviEmulatorLocations */,
				3A3D2C891D51E5A80088356E /* AMapNaviEmulatorLocationsAddedTimes */,
			);
			path = GPSEmulator;
			sourceTree = "<group>";
		};
		3A3D2C8E1D51E5A80088356E /* GPSNavi */ = {
			isa = PBXGroup;
			children = (
				3A3D2C8F1D51E5A80088356E /* GPSNaviViewController.h */,
				3A3D2C901D51E5A80088356E /* GPSNaviViewController.m */,
			);
			path = GPSNavi;
			sourceTree = "<group>";
		};
		3A3D2C941D51E5A80088356E /* Section3 */ = {
			isa = PBXGroup;
			children = (
				3A3D2C951D51E5A80088356E /* HUDNavi */,
			);
			path = Section3;
			sourceTree = "<group>";
		};
		3A3D2C951D51E5A80088356E /* HUDNavi */ = {
			isa = PBXGroup;
			children = (
				3A3D2C961D51E5A80088356E /* HUDNaviViewController.h */,
				3A3D2C971D51E5A80088356E /* HUDNaviViewController.m */,
			);
			path = HUDNavi;
			sourceTree = "<group>";
		};
		3A3D2C981D51E5A80088356E /* Section4 */ = {
			isa = PBXGroup;
			children = (
				3A3D2C991D51E5A80088356E /* CustomCarCompass */,
				3A3D2CA51D51E5A80088356E /* CustomRouteTrafficPolyline */,
				3A3D2CA21D51E5A80088356E /* CustomRoutePolyline */,
				3A3D2CAE1D51E5A80088356E /* CustomTurnInfo */,
				3A3D2C9C1D51E5A80088356E /* CustomCrossLaneInfo */,
				3A3D2C9F1D51E5A80088356E /* CustomFunctionalButton */,
				3A3D2CA81D51E5A80088356E /* CustomTrackingMode */,
			);
			path = Section4;
			sourceTree = "<group>";
		};
		3A3D2C991D51E5A80088356E /* CustomCarCompass */ = {
			isa = PBXGroup;
			children = (
				3A3D2C9A1D51E5A80088356E /* CustomCarCompassViewController.h */,
				3A3D2C9B1D51E5A80088356E /* CustomCarCompassViewController.m */,
			);
			path = CustomCarCompass;
			sourceTree = "<group>";
		};
		3A3D2C9C1D51E5A80088356E /* CustomCrossLaneInfo */ = {
			isa = PBXGroup;
			children = (
				3A3D2C9D1D51E5A80088356E /* CustomCrossLaneInfoViewController.h */,
				3A3D2C9E1D51E5A80088356E /* CustomCrossLaneInfoViewController.m */,
			);
			path = CustomCrossLaneInfo;
			sourceTree = "<group>";
		};
		3A3D2C9F1D51E5A80088356E /* CustomFunctionalButton */ = {
			isa = PBXGroup;
			children = (
				3A3D2CA01D51E5A80088356E /* CustomFunctionalButtonViewController.h */,
				3A3D2CA11D51E5A80088356E /* CustomFunctionalButtonViewController.m */,
			);
			path = CustomFunctionalButton;
			sourceTree = "<group>";
		};
		3A3D2CA21D51E5A80088356E /* CustomRoutePolyline */ = {
			isa = PBXGroup;
			children = (
				3A3D2CA31D51E5A80088356E /* CustomRoutePolylineViewController.h */,
				3A3D2CA41D51E5A80088356E /* CustomRoutePolylineViewController.m */,
			);
			path = CustomRoutePolyline;
			sourceTree = "<group>";
		};
		3A3D2CA51D51E5A80088356E /* CustomRouteTrafficPolyline */ = {
			isa = PBXGroup;
			children = (
				3A3D2CA61D51E5A80088356E /* CustomRouteTrafficPolylineViewController.h */,
				3A3D2CA71D51E5A80088356E /* CustomRouteTrafficPolylineViewController.m */,
			);
			path = CustomRouteTrafficPolyline;
			sourceTree = "<group>";
		};
		3A3D2CA81D51E5A80088356E /* CustomTrackingMode */ = {
			isa = PBXGroup;
			children = (
				3A3D2CA91D51E5A80088356E /* CustomTrackingModeViewController.h */,
				3A3D2CAA1D51E5A80088356E /* CustomTrackingModeViewController.m */,
			);
			path = CustomTrackingMode;
			sourceTree = "<group>";
		};
		3A3D2CAE1D51E5A80088356E /* CustomTurnInfo */ = {
			isa = PBXGroup;
			children = (
				3A3D2CAF1D51E5A80088356E /* CustomTurnInfoViewController.h */,
				3A3D2CB01D51E5A80088356E /* CustomTurnInfoViewController.m */,
			);
			path = CustomTurnInfo;
			sourceTree = "<group>";
		};
		3A3D2CB11D51E5A80088356E /* Section5 */ = {
			isa = PBXGroup;
			children = (
				3A3D2CB21D51E5A80088356E /* MultiRoutePlan */,
				3A3D2CB51D51E5A80088356E /* QuickStart */,
			);
			path = Section5;
			sourceTree = "<group>";
		};
		3A3D2CB21D51E5A80088356E /* MultiRoutePlan */ = {
			isa = PBXGroup;
			children = (
				3A3D2CB31D51E5A80088356E /* MultiRoutePlanViewController.h */,
				3A3D2CB41D51E5A80088356E /* MultiRoutePlanViewController.m */,
			);
			path = MultiRoutePlan;
			sourceTree = "<group>";
		};
		3A3D2CB51D51E5A80088356E /* QuickStart */ = {
			isa = PBXGroup;
			children = (
				3A3D2CB81D51E5A80088356E /* QuickStartViewController.h */,
				3A3D2CB91D51E5A80088356E /* QuickStartViewController.m */,
				3A3D2CB61D51E5A80088356E /* QuickStartAnnotationView.h */,
				3A3D2CB71D51E5A80088356E /* QuickStartAnnotationView.m */,
			);
			path = QuickStart;
			sourceTree = "<group>";
		};
/* End PBXGroup section */

/* Begin PBXNativeTarget section */
		3A1B4B761CC77046003DEA3A /* officialDemoNavi-Swift */ = {
			isa = PBXNativeTarget;
			buildConfigurationList = 3A1B4B881CC77046003DEA3A /* Build configuration list for PBXNativeTarget "officialDemoNavi-Swift" */;
			buildPhases = (
				3A1B4B731CC77046003DEA3A /* Sources */,
				3A1B4B741CC77046003DEA3A /* Frameworks */,
				3A1B4B751CC77046003DEA3A /* Resources */,
			);
			buildRules = (
			);
			dependencies = (
			);
			name = "officialDemoNavi-Swift";
			productName = "officialDemoNavi-Swift";
			productReference = 3A1B4B771CC77046003DEA3A /* officialDemoNavi-Swift.app */;
			productType = "com.apple.product-type.application";
		};
		3A36052C1CA23DB300DC3B61 /* officialDemoNavi */ = {
			isa = PBXNativeTarget;
			buildConfigurationList = 3A3605441CA23DB300DC3B61 /* Build configuration list for PBXNativeTarget "officialDemoNavi" */;
			buildPhases = (
				3A3605291CA23DB300DC3B61 /* Sources */,
				3A36052A1CA23DB300DC3B61 /* Frameworks */,
				3A36052B1CA23DB300DC3B61 /* Resources */,
			);
			buildRules = (
			);
			dependencies = (
			);
			name = officialDemoNavi;
			productName = officialDemoNavi;
			productReference = 3A36052D1CA23DB300DC3B61 /* officialDemoNavi.app */;
			productType = "com.apple.product-type.application";
		};
/* End PBXNativeTarget section */

/* Begin PBXProject section */
		3A3605251CA23DB300DC3B61 /* Project object */ = {
			isa = PBXProject;
			attributes = {
				LastSwiftUpdateCheck = 0730;
				LastUpgradeCheck = 0720;
				ORGANIZATIONNAME = AutoNavi;
				TargetAttributes = {
					3A1B4B761CC77046003DEA3A = {
						CreatedOnToolsVersion = 7.3;
						SystemCapabilities = {
							com.apple.BackgroundModes = {
								enabled = 1;
							};
						};
					};
					3A36052C1CA23DB300DC3B61 = {
						CreatedOnToolsVersion = 7.2.1;
						SystemCapabilities = {
							com.apple.BackgroundModes = {
								enabled = 1;
							};
						};
					};
				};
			};
			buildConfigurationList = 3A3605281CA23DB300DC3B61 /* Build configuration list for PBXProject "officialDemoNavi" */;
			compatibilityVersion = "Xcode 3.2";
			developmentRegion = English;
			hasScannedForEncodings = 0;
			knownRegions = (
				en,
				Base,
			);
			mainGroup = 3A3605241CA23DB300DC3B61;
			productRefGroup = 3A36052E1CA23DB300DC3B61 /* Products */;
			projectDirPath = "";
			projectRoot = "";
			targets = (
				3A36052C1CA23DB300DC3B61 /* officialDemoNavi */,
				3A1B4B761CC77046003DEA3A /* officialDemoNavi-Swift */,
			);
		};
/* End PBXProject section */

/* Begin PBXResourcesBuildPhase section */
		3A1B4B751CC77046003DEA3A /* Resources */ = {
			isa = PBXResourcesBuildPhase;
			buildActionMask = 2147483647;
			files = (
				3A1B4B921CC77143003DEA3A /* AMapNavi.bundle in Resources */,
				3A1B4B911CC7713E003DEA3A /* AMap.bundle in Resources */,
				3A1B4B841CC77046003DEA3A /* LaunchScreen.storyboard in Resources */,
				3A1B4B811CC77046003DEA3A /* Assets.xcassets in Resources */,
			);
			runOnlyForDeploymentPostprocessing = 0;
		};
		3A36052B1CA23DB300DC3B61 /* Resources */ = {
			isa = PBXResourcesBuildPhase;
			buildActionMask = 2147483647;
			files = (
				3A3D2CC01D51E5A80088356E /* arrowTexture0.png in Resources */,
				3A3605C61CA3868F00DC3B61 /* AMapNavi.bundle in Resources */,
				3A3D2CD41D51E5A80088356E /* AMapNaviEmulatorLocationsAddedTimes in Resources */,
				3A3D2CCC1D51E5A80088356E /* naviBackgroundNormal.png in Resources */,
				3A3605C41CA3868400DC3B61 /* AMap.bundle in Resources */,
				3A3D2CC61D51E5A80088356E /* car@2x.png in Resources */,
				3A3D2CCA1D51E5A80088356E /* navi@2x.png in Resources */,
				3A3D2CCB1D51E5A80088356E /* naviBackgroundHighlighted.png in Resources */,
				3A3605D71CA3879E00DC3B61 /* icon.png in Resources */,
				3A3D2CCD1D51E5A80088356E /* rightArrow@2x.png in Resources */,
				3A3D2CC81D51E5A80088356E /* customCompass.png in Resources */,
				3A3D2CC21D51E5A80088356E /* arrowTexture2.png in Resources */,
				3A3D2CD31D51E5A80088356E /* AMapNaviEmulatorLocations in Resources */,
				3A3605D51CA3879E00DC3B61 /* icon-72.png in Resources */,
				3A3D2CC51D51E5A80088356E /* car.png in Resources */,
				3A3D2CC31D51E5A80088356E /* arrowTexture3.png in Resources */,
				3A3D2CC11D51E5A80088356E /* arrowTexture1.png in Resources */,
				3A3D2CC91D51E5A80088356E /* leftArrow@2x.png in Resources */,
				3A3D2CC41D51E5A80088356E /* arrowTexture4.png in Resources */,
				3A3605D61CA3879E00DC3B61 /* icon-72@2x.png in Resources */,
				3A3D2CC71D51E5A80088356E /* customCar.png in Resources */,
				3A3605D81CA3879E00DC3B61 /* icon@2x.png in Resources */,
				3A3605401CA23DB300DC3B61 /* LaunchScreen.storyboard in Resources */,
			);
			runOnlyForDeploymentPostprocessing = 0;
		};
/* End PBXResourcesBuildPhase section */

/* Begin PBXSourcesBuildPhase section */
		3A1B4B731CC77046003DEA3A /* Sources */ = {
			isa = PBXSourcesBuildPhase;
			buildActionMask = 2147483647;
			files = (
				3A1B4B7C1CC77046003DEA3A /* ViewController.swift in Sources */,
				3A1B4B7A1CC77046003DEA3A /* AppDelegate.swift in Sources */,
			);
			runOnlyForDeploymentPostprocessing = 0;
		};
		3A3605291CA23DB300DC3B61 /* Sources */ = {
			isa = PBXSourcesBuildPhase;
			buildActionMask = 2147483647;
			files = (
				3A3D2CE11D51E5A80088356E /* CustomTurnInfoViewController.m in Sources */,
				3A3605351CA23DB300DC3B61 /* AppDelegate.m in Sources */,
				3A3D2CDE1D51E5A80088356E /* CustomRouteTrafficPolylineViewController.m in Sources */,
				3A3D2CBF1D51E5A80088356E /* SpeechSynthesizer.m in Sources */,
				3A3D2CDA1D51E5A80088356E /* CustomCarCompassViewController.m in Sources */,
				3A3D2CE21D51E5A80088356E /* MultiRoutePlanViewController.m in Sources */,
				3A3D2CDB1D51E5A80088356E /* CustomCrossLaneInfoViewController.m in Sources */,
				3A3D2CBB1D51E5A80088356E /* MoreMenuView.m in Sources */,
				3A3D2CBD1D51E5A80088356E /* RouteCollectionViewCell.m in Sources */,
				3A3D2CD51D51E5A80088356E /* GPSEmulator.m in Sources */,
				3A3D2CD11D51E5A80088356E /* DetectedModeViewController.m in Sources */,
				3A3D2CD01D51E5A80088356E /* WalkRoutePlanViewController.m in Sources */,
				3A3605321CA23DB300DC3B61 /* main.m in Sources */,
				3A3D2CD91D51E5A80088356E /* HUDNaviViewController.m in Sources */,
				3A3D2CE31D51E5A80088356E /* QuickStartAnnotationView.m in Sources */,
				3A3D2CDF1D51E5A80088356E /* CustomTrackingModeViewController.m in Sources */,
				3A3D2CD61D51E5A80088356E /* GPSEmulatorViewController.m in Sources */,
				3A3D2CCF1D51E5A80088356E /* PreferenceView.m in Sources */,
				3A3D2CBE1D51E5A80088356E /* SelectableOverlay.m in Sources */,
				3A3D2CD71D51E5A80088356E /* GPSNaviViewController.m in Sources */,
				3A3D2CDC1D51E5A80088356E /* CustomFunctionalButtonViewController.m in Sources */,
				3A3D2CE41D51E5A80088356E /* QuickStartViewController.m in Sources */,
				3A3D2CD21D51E5A80088356E /* EmulatorNaviViewController.m in Sources */,
				3A3605BC1CA29DE400DC3B61 /* MainViewController.m in Sources */,
				3A3D2CDD1D51E5A80088356E /* CustomRoutePolylineViewController.m in Sources */,
				3A3D2CBA1D51E5A80088356E /* DriveNaviViewController.m in Sources */,
				3A3D2CCE1D51E5A80088356E /* DriveRoutePlanViewController.m in Sources */,
				3A3D2CBC1D51E5A80088356E /* NaviPointAnnotation.m in Sources */,
			);
			runOnlyForDeploymentPostprocessing = 0;
		};
/* End PBXSourcesBuildPhase section */

/* Begin PBXVariantGroup section */
		3A1B4B821CC77046003DEA3A /* LaunchScreen.storyboard */ = {
			isa = PBXVariantGroup;
			children = (
				3A1B4B831CC77046003DEA3A /* Base */,
			);
			name = LaunchScreen.storyboard;
			sourceTree = "<group>";
		};
		3A36053E1CA23DB300DC3B61 /* LaunchScreen.storyboard */ = {
			isa = PBXVariantGroup;
			children = (
				3A36053F1CA23DB300DC3B61 /* Base */,
			);
			name = LaunchScreen.storyboard;
			sourceTree = "<group>";
		};
/* End PBXVariantGroup section */

/* Begin XCBuildConfiguration section */
		3A1B4B861CC77046003DEA3A /* Debug */ = {
			isa = XCBuildConfiguration;
			buildSettings = {
				ASSETCATALOG_COMPILER_APPICON_NAME = AppIcon;
				CLANG_ANALYZER_NONNULL = YES;
				FRAMEWORK_SEARCH_PATHS = (
					"$(inherited)",
					"$(PROJECT_DIR)/officialDemoNavi/Extern",
				);
				INFOPLIST_FILE = "officialDemoNavi-Swift/Info.plist";
				IPHONEOS_DEPLOYMENT_TARGET = 8.0;
				LD_RUNPATH_SEARCH_PATHS = "$(inherited) @executable_path/Frameworks";
				PRODUCT_BUNDLE_IDENTIFIER = com.autonavi.officialDemoNavi;
				PRODUCT_NAME = "$(TARGET_NAME)";
				SWIFT_OBJC_BRIDGING_HEADER = "officialDemoNavi-Swift-Bridging-Header.h";
				SWIFT_OPTIMIZATION_LEVEL = "-Onone";
			};
			name = Debug;
		};
		3A1B4B871CC77046003DEA3A /* Release */ = {
			isa = XCBuildConfiguration;
			buildSettings = {
				ASSETCATALOG_COMPILER_APPICON_NAME = AppIcon;
				CLANG_ANALYZER_NONNULL = YES;
				FRAMEWORK_SEARCH_PATHS = (
					"$(inherited)",
					"$(PROJECT_DIR)/officialDemoNavi/Extern",
				);
				INFOPLIST_FILE = "officialDemoNavi-Swift/Info.plist";
				IPHONEOS_DEPLOYMENT_TARGET = 8.0;
				LD_RUNPATH_SEARCH_PATHS = "$(inherited) @executable_path/Frameworks";
				PRODUCT_BUNDLE_IDENTIFIER = com.autonavi.officialDemoNavi;
				PRODUCT_NAME = "$(TARGET_NAME)";
				SWIFT_OBJC_BRIDGING_HEADER = "officialDemoNavi-Swift-Bridging-Header.h";
			};
			name = Release;
		};
		3A3605421CA23DB300DC3B61 /* Debug */ = {
			isa = XCBuildConfiguration;
			buildSettings = {
				ALWAYS_SEARCH_USER_PATHS = NO;
				CLANG_CXX_LANGUAGE_STANDARD = "gnu++0x";
				CLANG_CXX_LIBRARY = "libc++";
				CLANG_ENABLE_MODULES = YES;
				CLANG_ENABLE_OBJC_ARC = YES;
				CLANG_WARN_BOOL_CONVERSION = YES;
				CLANG_WARN_CONSTANT_CONVERSION = YES;
				CLANG_WARN_DIRECT_OBJC_ISA_USAGE = YES_ERROR;
				CLANG_WARN_EMPTY_BODY = YES;
				CLANG_WARN_ENUM_CONVERSION = YES;
				CLANG_WARN_INT_CONVERSION = YES;
				CLANG_WARN_OBJC_ROOT_CLASS = YES_ERROR;
				CLANG_WARN_UNREACHABLE_CODE = YES;
				CLANG_WARN__DUPLICATE_METHOD_MATCH = YES;
				"CODE_SIGN_IDENTITY[sdk=iphoneos*]" = "iPhone Developer";
				COPY_PHASE_STRIP = NO;
				DEBUG_INFORMATION_FORMAT = dwarf;
				ENABLE_STRICT_OBJC_MSGSEND = YES;
				ENABLE_TESTABILITY = YES;
				GCC_C_LANGUAGE_STANDARD = gnu99;
				GCC_DYNAMIC_NO_PIC = NO;
				GCC_NO_COMMON_BLOCKS = YES;
				GCC_OPTIMIZATION_LEVEL = 0;
				GCC_PREPROCESSOR_DEFINITIONS = (
					"DEBUG=1",
					"$(inherited)",
				);
				GCC_WARN_64_TO_32_BIT_CONVERSION = YES;
				GCC_WARN_ABOUT_RETURN_TYPE = YES_ERROR;
				GCC_WARN_UNDECLARED_SELECTOR = YES;
				GCC_WARN_UNINITIALIZED_AUTOS = YES_AGGRESSIVE;
				GCC_WARN_UNUSED_FUNCTION = YES;
				GCC_WARN_UNUSED_VARIABLE = YES;
				IPHONEOS_DEPLOYMENT_TARGET = 9.2;
				MTL_ENABLE_DEBUG_INFO = YES;
				ONLY_ACTIVE_ARCH = YES;
				SDKROOT = iphoneos;
			};
			name = Debug;
		};
		3A3605431CA23DB300DC3B61 /* Release */ = {
			isa = XCBuildConfiguration;
			buildSettings = {
				ALWAYS_SEARCH_USER_PATHS = NO;
				CLANG_CXX_LANGUAGE_STANDARD = "gnu++0x";
				CLANG_CXX_LIBRARY = "libc++";
				CLANG_ENABLE_MODULES = YES;
				CLANG_ENABLE_OBJC_ARC = YES;
				CLANG_WARN_BOOL_CONVERSION = YES;
				CLANG_WARN_CONSTANT_CONVERSION = YES;
				CLANG_WARN_DIRECT_OBJC_ISA_USAGE = YES_ERROR;
				CLANG_WARN_EMPTY_BODY = YES;
				CLANG_WARN_ENUM_CONVERSION = YES;
				CLANG_WARN_INT_CONVERSION = YES;
				CLANG_WARN_OBJC_ROOT_CLASS = YES_ERROR;
				CLANG_WARN_UNREACHABLE_CODE = YES;
				CLANG_WARN__DUPLICATE_METHOD_MATCH = YES;
				"CODE_SIGN_IDENTITY[sdk=iphoneos*]" = "iPhone Developer";
				COPY_PHASE_STRIP = NO;
				DEBUG_INFORMATION_FORMAT = "dwarf-with-dsym";
				ENABLE_NS_ASSERTIONS = NO;
				ENABLE_STRICT_OBJC_MSGSEND = YES;
				GCC_C_LANGUAGE_STANDARD = gnu99;
				GCC_NO_COMMON_BLOCKS = YES;
				GCC_WARN_64_TO_32_BIT_CONVERSION = YES;
				GCC_WARN_ABOUT_RETURN_TYPE = YES_ERROR;
				GCC_WARN_UNDECLARED_SELECTOR = YES;
				GCC_WARN_UNINITIALIZED_AUTOS = YES_AGGRESSIVE;
				GCC_WARN_UNUSED_FUNCTION = YES;
				GCC_WARN_UNUSED_VARIABLE = YES;
				IPHONEOS_DEPLOYMENT_TARGET = 9.2;
				MTL_ENABLE_DEBUG_INFO = NO;
				SDKROOT = iphoneos;
				VALIDATE_PRODUCT = YES;
			};
			name = Release;
		};
		3A3605451CA23DB300DC3B61 /* Debug */ = {
			isa = XCBuildConfiguration;
			buildSettings = {
				FRAMEWORK_SEARCH_PATHS = (
					"$(inherited)",
					"$(PROJECT_DIR)/officialDemoNavi/Extern",
				);
				INFOPLIST_FILE = officialDemoNavi/Info.plist;
				IPHONEOS_DEPLOYMENT_TARGET = 6.0;
				LD_RUNPATH_SEARCH_PATHS = "$(inherited) @executable_path/Frameworks";
				PRODUCT_BUNDLE_IDENTIFIER = com.autonavi.officialDemoNavi;
				PRODUCT_NAME = "$(TARGET_NAME)";
			};
			name = Debug;
		};
		3A3605461CA23DB300DC3B61 /* Release */ = {
			isa = XCBuildConfiguration;
			buildSettings = {
				FRAMEWORK_SEARCH_PATHS = (
					"$(inherited)",
					"$(PROJECT_DIR)/officialDemoNavi/Extern",
				);
				INFOPLIST_FILE = officialDemoNavi/Info.plist;
				IPHONEOS_DEPLOYMENT_TARGET = 6.0;
				LD_RUNPATH_SEARCH_PATHS = "$(inherited) @executable_path/Frameworks";
				PRODUCT_BUNDLE_IDENTIFIER = com.autonavi.officialDemoNavi;
				PRODUCT_NAME = "$(TARGET_NAME)";
			};
			name = Release;
		};
/* End XCBuildConfiguration section */

/* Begin XCConfigurationList section */
		3A1B4B881CC77046003DEA3A /* Build configuration list for PBXNativeTarget "officialDemoNavi-Swift" */ = {
			isa = XCConfigurationList;
			buildConfigurations = (
				3A1B4B861CC77046003DEA3A /* Debug */,
				3A1B4B871CC77046003DEA3A /* Release */,
			);
			defaultConfigurationIsVisible = 0;
			defaultConfigurationName = Release;
		};
		3A3605281CA23DB300DC3B61 /* Build configuration list for PBXProject "officialDemoNavi" */ = {
			isa = XCConfigurationList;
			buildConfigurations = (
				3A3605421CA23DB300DC3B61 /* Debug */,
				3A3605431CA23DB300DC3B61 /* Release */,
			);
			defaultConfigurationIsVisible = 0;
			defaultConfigurationName = Release;
		};
		3A3605441CA23DB300DC3B61 /* Build configuration list for PBXNativeTarget "officialDemoNavi" */ = {
			isa = XCConfigurationList;
			buildConfigurations = (
				3A3605451CA23DB300DC3B61 /* Debug */,
				3A3605461CA23DB300DC3B61 /* Release */,
			);
			defaultConfigurationIsVisible = 0;
			defaultConfigurationName = Release;
		};
/* End XCConfigurationList section */
	};
	rootObject = 3A3605251CA23DB300DC3B61 /* Project object */;
}
